// !$*UTF8*$!
{
	archiveVersion = 1;
	classes = {
	};
	objectVersion = 48;
	objects = {

/* Begin PBXBuildFile section */
		019EA7BE203AAB08007E8F47 /* AppDelegate.swift in Sources */ = {isa = PBXBuildFile; fileRef = 019EA7BD203AAB08007E8F47 /* AppDelegate.swift */; };
		019EA7C0203AAB08007E8F47 /* ViewController.swift in Sources */ = {isa = PBXBuildFile; fileRef = 019EA7BF203AAB08007E8F47 /* ViewController.swift */; };
		019EA7C3203AAB08007E8F47 /* Main.storyboard in Resources */ = {isa = PBXBuildFile; fileRef = 019EA7C1203AAB08007E8F47 /* Main.storyboard */; };
		019EA7C5203AAB08007E8F47 /* Assets.xcassets in Resources */ = {isa = PBXBuildFile; fileRef = 019EA7C4203AAB08007E8F47 /* Assets.xcassets */; };
		019EA7C8203AAB08007E8F47 /* LaunchScreen.storyboard in Resources */ = {isa = PBXBuildFile; fileRef = 019EA7C6203AAB08007E8F47 /* LaunchScreen.storyboard */; };
		019EA7D8203B1DB9007E8F47 /* FrameExtractor.swift in Sources */ = {isa = PBXBuildFile; fileRef = 019EA7D7203B1DB9007E8F47 /* FrameExtractor.swift */; };
		019EA7DC203BDA1A007E8F47 /* Float+Random.swift in Sources */ = {isa = PBXBuildFile; fileRef = 019EA7DB203BDA1A007E8F47 /* Float+Random.swift */; };
		019EA7DE203BE7A4007E8F47 /* MathUtils.swift in Sources */ = {isa = PBXBuildFile; fileRef = 019EA7DD203BE7A4007E8F47 /* MathUtils.swift */; };
		0C7808CD67EEC0A8787F053D /* Pods_Benissimo.framework in Frameworks */ = {isa = PBXBuildFile; fileRef = F81C47B30613255138228469 /* Pods_Benissimo.framework */; };
		442EED6C2876C0F90060733D /* RecognitionService.swift in Sources */ = {isa = PBXBuildFile; fileRef = 442EED6B2876C0F90060733D /* RecognitionService.swift */; };
		442EED6E2876F4300060733D /* FeaturesAnalyzer.swift in Sources */ = {isa = PBXBuildFile; fileRef = 442EED6D2876F4300060733D /* FeaturesAnalyzer.swift */; };
		443BEAA62857B23900E9A266 /* CameraService.swift in Sources */ = {isa = PBXBuildFile; fileRef = 443BEAA52857B23900E9A266 /* CameraService.swift */; };
		443BEAAA2857B3A400E9A266 /* CameraPreviewView.swift in Sources */ = {isa = PBXBuildFile; fileRef = 443BEAA92857B3A400E9A266 /* CameraPreviewView.swift */; };
		44D0EB94285650BE00DCA7FF /* SideMenuViewController.swift in Sources */ = {isa = PBXBuildFile; fileRef = 44D0EB93285650BE00DCA7FF /* SideMenuViewController.swift */; };
		44D0EB96285650CE00DCA7FF /* CameraViewController.swift in Sources */ = {isa = PBXBuildFile; fileRef = 44D0EB95285650CE00DCA7FF /* CameraViewController.swift */; };
		44D0EB98285650D600DCA7FF /* ResultViewController.swift in Sources */ = {isa = PBXBuildFile; fileRef = 44D0EB97285650D600DCA7FF /* ResultViewController.swift */; };
		44D0EB9A285650E200DCA7FF /* CameraViewModel.swift in Sources */ = {isa = PBXBuildFile; fileRef = 44D0EB99285650E200DCA7FF /* CameraViewModel.swift */; };
		44D0EB9C285650EC00DCA7FF /* ResultViewModel.swift in Sources */ = {isa = PBXBuildFile; fileRef = 44D0EB9B285650EC00DCA7FF /* ResultViewModel.swift */; };
		44D0EB9E285650F600DCA7FF /* SideMenuViewModel.swift in Sources */ = {isa = PBXBuildFile; fileRef = 44D0EB9D285650F600DCA7FF /* SideMenuViewModel.swift */; };
		44D0EBA02856583200DCA7FF /* Coordinator.swift in Sources */ = {isa = PBXBuildFile; fileRef = 44D0EB9F2856583200DCA7FF /* Coordinator.swift */; };
		44D0EBA228565A3900DCA7FF /* RootCoordinator.swift in Sources */ = {isa = PBXBuildFile; fileRef = 44D0EBA128565A3900DCA7FF /* RootCoordinator.swift */; };
		44D0EBA428565A4B00DCA7FF /* MainCoordinator.swift in Sources */ = {isa = PBXBuildFile; fileRef = 44D0EBA328565A4B00DCA7FF /* MainCoordinator.swift */; };
		44D0EBA928565EA900DCA7FF /* AutoLoadable.swift in Sources */ = {isa = PBXBuildFile; fileRef = 44D0EBA828565EA900DCA7FF /* AutoLoadable.swift */; };
/* End PBXBuildFile section */

/* Begin PBXFileReference section */
		019EA7BA203AAB08007E8F47 /* Benissimo.app */ = {isa = PBXFileReference; explicitFileType = wrapper.application; includeInIndex = 0; path = Benissimo.app; sourceTree = BUILT_PRODUCTS_DIR; };
		019EA7BD203AAB08007E8F47 /* AppDelegate.swift */ = {isa = PBXFileReference; lastKnownFileType = sourcecode.swift; path = AppDelegate.swift; sourceTree = "<group>"; };
		019EA7BF203AAB08007E8F47 /* ViewController.swift */ = {isa = PBXFileReference; lastKnownFileType = sourcecode.swift; path = ViewController.swift; sourceTree = "<group>"; };
		019EA7C2203AAB08007E8F47 /* Base */ = {isa = PBXFileReference; lastKnownFileType = file.storyboard; name = Base; path = Base.lproj/Main.storyboard; sourceTree = "<group>"; };
		019EA7C4203AAB08007E8F47 /* Assets.xcassets */ = {isa = PBXFileReference; lastKnownFileType = folder.assetcatalog; path = Assets.xcassets; sourceTree = "<group>"; };
		019EA7C7203AAB08007E8F47 /* Base */ = {isa = PBXFileReference; lastKnownFileType = file.storyboard; name = Base; path = Base.lproj/LaunchScreen.storyboard; sourceTree = "<group>"; };
		019EA7C9203AAB08007E8F47 /* Info.plist */ = {isa = PBXFileReference; lastKnownFileType = text.plist.xml; path = Info.plist; sourceTree = "<group>"; };
		019EA7D7203B1DB9007E8F47 /* FrameExtractor.swift */ = {isa = PBXFileReference; lastKnownFileType = sourcecode.swift; path = FrameExtractor.swift; sourceTree = "<group>"; };
		019EA7DB203BDA1A007E8F47 /* Float+Random.swift */ = {isa = PBXFileReference; lastKnownFileType = sourcecode.swift; path = "Float+Random.swift"; sourceTree = "<group>"; };
		019EA7DD203BE7A4007E8F47 /* MathUtils.swift */ = {isa = PBXFileReference; lastKnownFileType = sourcecode.swift; path = MathUtils.swift; sourceTree = "<group>"; };
		442EED6B2876C0F90060733D /* RecognitionService.swift */ = {isa = PBXFileReference; lastKnownFileType = sourcecode.swift; path = RecognitionService.swift; sourceTree = "<group>"; };
		442EED6D2876F4300060733D /* FeaturesAnalyzer.swift */ = {isa = PBXFileReference; lastKnownFileType = sourcecode.swift; path = FeaturesAnalyzer.swift; sourceTree = "<group>"; };
		443BEAA52857B23900E9A266 /* CameraService.swift */ = {isa = PBXFileReference; lastKnownFileType = sourcecode.swift; path = CameraService.swift; sourceTree = "<group>"; };
		443BEAA92857B3A400E9A266 /* CameraPreviewView.swift */ = {isa = PBXFileReference; lastKnownFileType = sourcecode.swift; path = CameraPreviewView.swift; sourceTree = "<group>"; };
		44D0EB93285650BE00DCA7FF /* SideMenuViewController.swift */ = {isa = PBXFileReference; lastKnownFileType = sourcecode.swift; path = SideMenuViewController.swift; sourceTree = "<group>"; };
		44D0EB95285650CE00DCA7FF /* CameraViewController.swift */ = {isa = PBXFileReference; lastKnownFileType = sourcecode.swift; path = CameraViewController.swift; sourceTree = "<group>"; };
		44D0EB97285650D600DCA7FF /* ResultViewController.swift */ = {isa = PBXFileReference; lastKnownFileType = sourcecode.swift; path = ResultViewController.swift; sourceTree = "<group>"; };
		44D0EB99285650E200DCA7FF /* CameraViewModel.swift */ = {isa = PBXFileReference; lastKnownFileType = sourcecode.swift; path = CameraViewModel.swift; sourceTree = "<group>"; };
		44D0EB9B285650EC00DCA7FF /* ResultViewModel.swift */ = {isa = PBXFileReference; lastKnownFileType = sourcecode.swift; path = ResultViewModel.swift; sourceTree = "<group>"; };
		44D0EB9D285650F600DCA7FF /* SideMenuViewModel.swift */ = {isa = PBXFileReference; lastKnownFileType = sourcecode.swift; path = SideMenuViewModel.swift; sourceTree = "<group>"; };
		44D0EB9F2856583200DCA7FF /* Coordinator.swift */ = {isa = PBXFileReference; lastKnownFileType = sourcecode.swift; path = Coordinator.swift; sourceTree = "<group>"; };
		44D0EBA128565A3900DCA7FF /* RootCoordinator.swift */ = {isa = PBXFileReference; lastKnownFileType = sourcecode.swift; path = RootCoordinator.swift; sourceTree = "<group>"; };
		44D0EBA328565A4B00DCA7FF /* MainCoordinator.swift */ = {isa = PBXFileReference; lastKnownFileType = sourcecode.swift; path = MainCoordinator.swift; sourceTree = "<group>"; };
		44D0EBA828565EA900DCA7FF /* AutoLoadable.swift */ = {isa = PBXFileReference; lastKnownFileType = sourcecode.swift; path = AutoLoadable.swift; sourceTree = "<group>"; };
		44D0EBAA28571D5900DCA7FF /* README.md */ = {isa = PBXFileReference; lastKnownFileType = net.daringfireball.markdown; path = README.md; sourceTree = "<group>"; };
		572850ACC876A8D72C700CCB /* Pods-Benissimo.debug.xcconfig */ = {isa = PBXFileReference; includeInIndex = 1; lastKnownFileType = text.xcconfig; name = "Pods-Benissimo.debug.xcconfig"; path = "Target Support Files/Pods-Benissimo/Pods-Benissimo.debug.xcconfig"; sourceTree = "<group>"; };
		78100DED138AB93472DF9675 /* Pods-Benissimo.release.xcconfig */ = {isa = PBXFileReference; includeInIndex = 1; lastKnownFileType = text.xcconfig; name = "Pods-Benissimo.release.xcconfig"; path = "Target Support Files/Pods-Benissimo/Pods-Benissimo.release.xcconfig"; sourceTree = "<group>"; };
		F81C47B30613255138228469 /* Pods_Benissimo.framework */ = {isa = PBXFileReference; explicitFileType = wrapper.framework; includeInIndex = 0; path = Pods_Benissimo.framework; sourceTree = BUILT_PRODUCTS_DIR; };
/* End PBXFileReference section */

/* Begin PBXFrameworksBuildPhase section */
		019EA7B7203AAB08007E8F47 /* Frameworks */ = {
			isa = PBXFrameworksBuildPhase;
			buildActionMask = 2147483647;
			files = (
				0C7808CD67EEC0A8787F053D /* Pods_Benissimo.framework in Frameworks */,
			);
			runOnlyForDeploymentPostprocessing = 0;
		};
/* End PBXFrameworksBuildPhase section */

/* Begin PBXGroup section */
		019EA7B1203AAB08007E8F47 = {
			isa = PBXGroup;
			children = (
				44D0EBAA28571D5900DCA7FF /* README.md */,
				019EA7BC203AAB08007E8F47 /* Benissimo */,
				019EA7BB203AAB08007E8F47 /* Products */,
				DFDB887A1AC3416C33C33B7C /* Pods */,
				4D9ABF3233583D2CCCA6F37B /* Frameworks */,
			);
			sourceTree = "<group>";
		};
		019EA7BB203AAB08007E8F47 /* Products */ = {
			isa = PBXGroup;
			children = (
				019EA7BA203AAB08007E8F47 /* Benissimo.app */,
			);
			name = Products;
			sourceTree = "<group>";
		};
		019EA7BC203AAB08007E8F47 /* Benissimo */ = {
			isa = PBXGroup;
			children = (
				44D0EB8F28564B8900DCA7FF /* Model */,
				44D0EB9028564BA100DCA7FF /* VideoProcessing */,
				44D0EB8E28564B8200DCA7FF /* UI */,
				019EA7BF203AAB08007E8F47 /* ViewController.swift */,
				019EA7BD203AAB08007E8F47 /* AppDelegate.swift */,
				019EA7C4203AAB08007E8F47 /* Assets.xcassets */,
				019EA7C1203AAB08007E8F47 /* Main.storyboard */,
				019EA7C6203AAB08007E8F47 /* LaunchScreen.storyboard */,
				019EA7C9203AAB08007E8F47 /* Info.plist */,
			);
			path = Benissimo;
			sourceTree = "<group>";
		};
		01D412C8203D7CD700B53AF2 /* Math */ = {
			isa = PBXGroup;
			children = (
				019EA7DB203BDA1A007E8F47 /* Float+Random.swift */,
				019EA7DD203BE7A4007E8F47 /* MathUtils.swift */,
			);
			path = Math;
			sourceTree = "<group>";
		};
		443BEAA72857B37600E9A266 /* CameraViewController */ = {
			isa = PBXGroup;
			children = (
				443BEAA82857B39100E9A266 /* Views */,
				44D0EB99285650E200DCA7FF /* CameraViewModel.swift */,
				44D0EB95285650CE00DCA7FF /* CameraViewController.swift */,
			);
			path = CameraViewController;
			sourceTree = "<group>";
		};
		443BEAA82857B39100E9A266 /* Views */ = {
			isa = PBXGroup;
			children = (
				443BEAA92857B3A400E9A266 /* CameraPreviewView.swift */,
			);
			path = Views;
			sourceTree = "<group>";
		};
		44D0EB8E28564B8200DCA7FF /* UI */ = {
			isa = PBXGroup;
			children = (
				44D0EBA728565AF300DCA7FF /* Extensions */,
				44D0EB9F2856583200DCA7FF /* Coordinator.swift */,
				44D0EBA128565A3900DCA7FF /* RootCoordinator.swift */,
				44D0EB9228564E1400DCA7FF /* MainFlow */,
				44D0EB9128564BB400DCA7FF /* SideMenu */,
			);
			path = UI;
			sourceTree = "<group>";
		};
		44D0EB8F28564B8900DCA7FF /* Model */ = {
			isa = PBXGroup;
			children = (
				01D412C8203D7CD700B53AF2 /* Math */,
			);
			path = Model;
			sourceTree = "<group>";
		};
		44D0EB9028564BA100DCA7FF /* VideoProcessing */ = {
			isa = PBXGroup;
			children = (
				019EA7D7203B1DB9007E8F47 /* FrameExtractor.swift */,
				443BEAA52857B23900E9A266 /* CameraService.swift */,
				442EED6B2876C0F90060733D /* RecognitionService.swift */,
				442EED6D2876F4300060733D /* FeaturesAnalyzer.swift */,
			);
			path = VideoProcessing;
			sourceTree = "<group>";
		};
		44D0EB9128564BB400DCA7FF /* SideMenu */ = {
			isa = PBXGroup;
			children = (
				44D0EB9D285650F600DCA7FF /* SideMenuViewModel.swift */,
				44D0EB93285650BE00DCA7FF /* SideMenuViewController.swift */,
			);
			path = SideMenu;
			sourceTree = "<group>";
		};
		44D0EB9228564E1400DCA7FF /* MainFlow */ = {
			isa = PBXGroup;
			children = (
				443BEAA72857B37600E9A266 /* CameraViewController */,
				44D0EBA328565A4B00DCA7FF /* MainCoordinator.swift */,
				44D0EB9B285650EC00DCA7FF /* ResultViewModel.swift */,
				44D0EB97285650D600DCA7FF /* ResultViewController.swift */,
			);
			path = MainFlow;
			sourceTree = "<group>";
		};
		44D0EBA728565AF300DCA7FF /* Extensions */ = {
			isa = PBXGroup;
			children = (
				44D0EBA828565EA900DCA7FF /* AutoLoadable.swift */,
			);
			path = Extensions;
			sourceTree = "<group>";
		};
		4D9ABF3233583D2CCCA6F37B /* Frameworks */ = {
			isa = PBXGroup;
			children = (
				F81C47B30613255138228469 /* Pods_Benissimo.framework */,
			);
			name = Frameworks;
			sourceTree = "<group>";
		};
		DFDB887A1AC3416C33C33B7C /* Pods */ = {
			isa = PBXGroup;
			children = (
				572850ACC876A8D72C700CCB /* Pods-Benissimo.debug.xcconfig */,
				78100DED138AB93472DF9675 /* Pods-Benissimo.release.xcconfig */,
			);
			path = Pods;
			sourceTree = "<group>";
		};
/* End PBXGroup section */

/* Begin PBXNativeTarget section */
		019EA7B9203AAB08007E8F47 /* Benissimo */ = {
			isa = PBXNativeTarget;
			buildConfigurationList = 019EA7CC203AAB08007E8F47 /* Build configuration list for PBXNativeTarget "Benissimo" */;
			buildPhases = (
				268199730C60A85D57D0380A /* [CP] Check Pods Manifest.lock */,
				019EA7B6203AAB08007E8F47 /* Sources */,
				019EA7B7203AAB08007E8F47 /* Frameworks */,
				019EA7B8203AAB08007E8F47 /* Resources */,
				F2828672CD29F98273A203E5 /* [CP] Embed Pods Frameworks */,
			);
			buildRules = (
			);
			dependencies = (
			);
			name = Benissimo;
			productName = Benissimo;
			productReference = 019EA7BA203AAB08007E8F47 /* Benissimo.app */;
			productType = "com.apple.product-type.application";
		};
/* End PBXNativeTarget section */

/* Begin PBXProject section */
		019EA7B2203AAB08007E8F47 /* Project object */ = {
			isa = PBXProject;
			attributes = {
				LastSwiftUpdateCheck = 0920;
				LastUpgradeCheck = 0920;
				ORGANIZATIONNAME = "";
				TargetAttributes = {
					019EA7B9203AAB08007E8F47 = {
						CreatedOnToolsVersion = 9.2;
						ProvisioningStyle = Automatic;
					};
				};
			};
			buildConfigurationList = 019EA7B5203AAB08007E8F47 /* Build configuration list for PBXProject "Benissimo" */;
			compatibilityVersion = "Xcode 8.0";
			developmentRegion = en;
			hasScannedForEncodings = 0;
			knownRegions = (
				en,
				Base,
			);
			mainGroup = 019EA7B1203AAB08007E8F47;
			productRefGroup = 019EA7BB203AAB08007E8F47 /* Products */;
			projectDirPath = "";
			projectRoot = "";
			targets = (
				019EA7B9203AAB08007E8F47 /* Benissimo */,
			);
		};
/* End PBXProject section */

/* Begin PBXResourcesBuildPhase section */
		019EA7B8203AAB08007E8F47 /* Resources */ = {
			isa = PBXResourcesBuildPhase;
			buildActionMask = 2147483647;
			files = (
				019EA7C8203AAB08007E8F47 /* LaunchScreen.storyboard in Resources */,
				019EA7C5203AAB08007E8F47 /* Assets.xcassets in Resources */,
				019EA7C3203AAB08007E8F47 /* Main.storyboard in Resources */,
			);
			runOnlyForDeploymentPostprocessing = 0;
		};
/* End PBXResourcesBuildPhase section */

/* Begin PBXShellScriptBuildPhase section */
		268199730C60A85D57D0380A /* [CP] Check Pods Manifest.lock */ = {
			isa = PBXShellScriptBuildPhase;
			buildActionMask = 2147483647;
			files = (
			);
			inputFileListPaths = (
			);
			inputPaths = (
				"${PODS_PODFILE_DIR_PATH}/Podfile.lock",
				"${PODS_ROOT}/Manifest.lock",
			);
			name = "[CP] Check Pods Manifest.lock";
			outputFileListPaths = (
			);
			outputPaths = (
				"$(DERIVED_FILE_DIR)/Pods-Benissimo-checkManifestLockResult.txt",
			);
			runOnlyForDeploymentPostprocessing = 0;
			shellPath = /bin/sh;
			shellScript = "diff \"${PODS_PODFILE_DIR_PATH}/Podfile.lock\" \"${PODS_ROOT}/Manifest.lock\" > /dev/null\nif [ $? != 0 ] ; then\n    # print error to STDERR\n    echo \"error: The sandbox is not in sync with the Podfile.lock. Run 'pod install' or update your CocoaPods installation.\" >&2\n    exit 1\nfi\n# This output is used by Xcode 'outputs' to avoid re-running this script phase.\necho \"SUCCESS\" > \"${SCRIPT_OUTPUT_FILE_0}\"\n";
			showEnvVarsInLog = 0;
		};
		F2828672CD29F98273A203E5 /* [CP] Embed Pods Frameworks */ = {
			isa = PBXShellScriptBuildPhase;
			buildActionMask = 2147483647;
			files = (
			);
			inputPaths = (
				"${PODS_ROOT}/Target Support Files/Pods-Benissimo/Pods-Benissimo-frameworks.sh",
				"${BUILT_PRODUCTS_DIR}/SideMenu/SideMenu.framework",
			);
			name = "[CP] Embed Pods Frameworks";
			outputPaths = (
				"${TARGET_BUILD_DIR}/${FRAMEWORKS_FOLDER_PATH}/SideMenu.framework",
			);
			runOnlyForDeploymentPostprocessing = 0;
			shellPath = /bin/sh;
			shellScript = "\"${PODS_ROOT}/Target Support Files/Pods-Benissimo/Pods-Benissimo-frameworks.sh\"\n";
			showEnvVarsInLog = 0;
		};
/* End PBXShellScriptBuildPhase section */

/* Begin PBXSourcesBuildPhase section */
		019EA7B6203AAB08007E8F47 /* Sources */ = {
			isa = PBXSourcesBuildPhase;
			buildActionMask = 2147483647;
			files = (
				019EA7C0203AAB08007E8F47 /* ViewController.swift in Sources */,
				44D0EBA428565A4B00DCA7FF /* MainCoordinator.swift in Sources */,
				44D0EBA928565EA900DCA7FF /* AutoLoadable.swift in Sources */,
				44D0EB9C285650EC00DCA7FF /* ResultViewModel.swift in Sources */,
				019EA7D8203B1DB9007E8F47 /* FrameExtractor.swift in Sources */,
				442EED6C2876C0F90060733D /* RecognitionService.swift in Sources */,
				44D0EB9E285650F600DCA7FF /* SideMenuViewModel.swift in Sources */,
				019EA7BE203AAB08007E8F47 /* AppDelegate.swift in Sources */,
				443BEAAA2857B3A400E9A266 /* CameraPreviewView.swift in Sources */,
				44D0EB98285650D600DCA7FF /* ResultViewController.swift in Sources */,
				443BEAA62857B23900E9A266 /* CameraService.swift in Sources */,
				442EED6E2876F4300060733D /* FeaturesAnalyzer.swift in Sources */,
				019EA7DC203BDA1A007E8F47 /* Float+Random.swift in Sources */,
				44D0EB9A285650E200DCA7FF /* CameraViewModel.swift in Sources */,
				44D0EBA02856583200DCA7FF /* Coordinator.swift in Sources */,
				44D0EB96285650CE00DCA7FF /* CameraViewController.swift in Sources */,
				44D0EBA228565A3900DCA7FF /* RootCoordinator.swift in Sources */,
				44D0EB94285650BE00DCA7FF /* SideMenuViewController.swift in Sources */,
				019EA7DE203BE7A4007E8F47 /* MathUtils.swift in Sources */,
			);
			runOnlyForDeploymentPostprocessing = 0;
		};
/* End PBXSourcesBuildPhase section */

/* Begin PBXVariantGroup section */
		019EA7C1203AAB08007E8F47 /* Main.storyboard */ = {
			isa = PBXVariantGroup;
			children = (
				019EA7C2203AAB08007E8F47 /* Base */,
			);
			name = Main.storyboard;
			sourceTree = "<group>";
		};
		019EA7C6203AAB08007E8F47 /* LaunchScreen.storyboard */ = {
			isa = PBXVariantGroup;
			children = (
				019EA7C7203AAB08007E8F47 /* Base */,
			);
			name = LaunchScreen.storyboard;
			sourceTree = "<group>";
		};
/* End PBXVariantGroup section */

/* Begin XCBuildConfiguration section */
		019EA7CA203AAB08007E8F47 /* Debug */ = {
			isa = XCBuildConfiguration;
			buildSettings = {
				ALWAYS_SEARCH_USER_PATHS = NO;
				CLANG_ANALYZER_NONNULL = YES;
				CLANG_ANALYZER_NUMBER_OBJECT_CONVERSION = YES_AGGRESSIVE;
				CLANG_CXX_LANGUAGE_STANDARD = "gnu++14";
				CLANG_CXX_LIBRARY = "libc++";
				CLANG_ENABLE_MODULES = YES;
				CLANG_ENABLE_OBJC_ARC = YES;
				CLANG_WARN_BLOCK_CAPTURE_AUTORELEASING = YES;
				CLANG_WARN_BOOL_CONVERSION = YES;
				CLANG_WARN_COMMA = YES;
				CLANG_WARN_CONSTANT_CONVERSION = YES;
				CLANG_WARN_DIRECT_OBJC_ISA_USAGE = YES_ERROR;
				CLANG_WARN_DOCUMENTATION_COMMENTS = YES;
				CLANG_WARN_EMPTY_BODY = YES;
				CLANG_WARN_ENUM_CONVERSION = YES;
				CLANG_WARN_INFINITE_RECURSION = YES;
				CLANG_WARN_INT_CONVERSION = YES;
				CLANG_WARN_NON_LITERAL_NULL_CONVERSION = YES;
				CLANG_WARN_OBJC_LITERAL_CONVERSION = YES;
				CLANG_WARN_OBJC_ROOT_CLASS = YES_ERROR;
				CLANG_WARN_RANGE_LOOP_ANALYSIS = YES;
				CLANG_WARN_STRICT_PROTOTYPES = YES;
				CLANG_WARN_SUSPICIOUS_MOVE = YES;
				CLANG_WARN_UNGUARDED_AVAILABILITY = YES_AGGRESSIVE;
				CLANG_WARN_UNREACHABLE_CODE = YES;
				CLANG_WARN__DUPLICATE_METHOD_MATCH = YES;
				CODE_SIGN_IDENTITY = "iPhone Developer";
				COPY_PHASE_STRIP = NO;
				DEBUG_INFORMATION_FORMAT = dwarf;
				ENABLE_STRICT_OBJC_MSGSEND = YES;
				ENABLE_TESTABILITY = YES;
				GCC_C_LANGUAGE_STANDARD = gnu11;
				GCC_DYNAMIC_NO_PIC = NO;
				GCC_NO_COMMON_BLOCKS = YES;
				GCC_OPTIMIZATION_LEVEL = 0;
				GCC_PREPROCESSOR_DEFINITIONS = (
					"DEBUG=1",
					"$(inherited)",
				);
				GCC_WARN_64_TO_32_BIT_CONVERSION = YES;
				GCC_WARN_ABOUT_RETURN_TYPE = YES_ERROR;
				GCC_WARN_UNDECLARED_SELECTOR = YES;
				GCC_WARN_UNINITIALIZED_AUTOS = YES_AGGRESSIVE;
				GCC_WARN_UNUSED_FUNCTION = YES;
				GCC_WARN_UNUSED_VARIABLE = YES;
				IPHONEOS_DEPLOYMENT_TARGET = 11.2;
				MTL_ENABLE_DEBUG_INFO = YES;
				ONLY_ACTIVE_ARCH = YES;
				SDKROOT = iphoneos;
				SWIFT_ACTIVE_COMPILATION_CONDITIONS = DEBUG;
				SWIFT_OPTIMIZATION_LEVEL = "-Onone";
			};
			name = Debug;
		};
		019EA7CB203AAB08007E8F47 /* Release */ = {
			isa = XCBuildConfiguration;
			buildSettings = {
				ALWAYS_SEARCH_USER_PATHS = NO;
				CLANG_ANALYZER_NONNULL = YES;
				CLANG_ANALYZER_NUMBER_OBJECT_CONVERSION = YES_AGGRESSIVE;
				CLANG_CXX_LANGUAGE_STANDARD = "gnu++14";
				CLANG_CXX_LIBRARY = "libc++";
				CLANG_ENABLE_MODULES = YES;
				CLANG_ENABLE_OBJC_ARC = YES;
				CLANG_WARN_BLOCK_CAPTURE_AUTORELEASING = YES;
				CLANG_WARN_BOOL_CONVERSION = YES;
				CLANG_WARN_COMMA = YES;
				CLANG_WARN_CONSTANT_CONVERSION = YES;
				CLANG_WARN_DIRECT_OBJC_ISA_USAGE = YES_ERROR;
				CLANG_WARN_DOCUMENTATION_COMMENTS = YES;
				CLANG_WARN_EMPTY_BODY = YES;
				CLANG_WARN_ENUM_CONVERSION = YES;
				CLANG_WARN_INFINITE_RECURSION = YES;
				CLANG_WARN_INT_CONVERSION = YES;
				CLANG_WARN_NON_LITERAL_NULL_CONVERSION = YES;
				CLANG_WARN_OBJC_LITERAL_CONVERSION = YES;
				CLANG_WARN_OBJC_ROOT_CLASS = YES_ERROR;
				CLANG_WARN_RANGE_LOOP_ANALYSIS = YES;
				CLANG_WARN_STRICT_PROTOTYPES = YES;
				CLANG_WARN_SUSPICIOUS_MOVE = YES;
				CLANG_WARN_UNGUARDED_AVAILABILITY = YES_AGGRESSIVE;
				CLANG_WARN_UNREACHABLE_CODE = YES;
				CLANG_WARN__DUPLICATE_METHOD_MATCH = YES;
				CODE_SIGN_IDENTITY = "iPhone Developer";
				COPY_PHASE_STRIP = NO;
				DEBUG_INFORMATION_FORMAT = "dwarf-with-dsym";
				ENABLE_NS_ASSERTIONS = NO;
				ENABLE_STRICT_OBJC_MSGSEND = YES;
				GCC_C_LANGUAGE_STANDARD = gnu11;
				GCC_NO_COMMON_BLOCKS = YES;
				GCC_WARN_64_TO_32_BIT_CONVERSION = YES;
				GCC_WARN_ABOUT_RETURN_TYPE = YES_ERROR;
				GCC_WARN_UNDECLARED_SELECTOR = YES;
				GCC_WARN_UNINITIALIZED_AUTOS = YES_AGGRESSIVE;
				GCC_WARN_UNUSED_FUNCTION = YES;
				GCC_WARN_UNUSED_VARIABLE = YES;
				IPHONEOS_DEPLOYMENT_TARGET = 11.2;
				MTL_ENABLE_DEBUG_INFO = NO;
				SDKROOT = iphoneos;
				SWIFT_OPTIMIZATION_LEVEL = "-Owholemodule";
				VALIDATE_PRODUCT = YES;
			};
			name = Release;
		};
		019EA7CD203AAB08007E8F47 /* Debug */ = {
			isa = XCBuildConfiguration;
			baseConfigurationReference = 572850ACC876A8D72C700CCB /* Pods-Benissimo.debug.xcconfig */;
			buildSettings = {
				ASSETCATALOG_COMPILER_APPICON_NAME = AppIcon;
				CODE_SIGN_STYLE = Automatic;
				DEVELOPMENT_TEAM = SUAWT97CSE;
				INFOPLIST_FILE = Benissimo/Info.plist;
				LD_RUNPATH_SEARCH_PATHS = "$(inherited) @executable_path/Frameworks";
				PRODUCT_BUNDLE_IDENTIFIER = com.greasybowels.Benissimo;
				PRODUCT_NAME = "$(TARGET_NAME)";
				SWIFT_VERSION = 4.0;
				TARGETED_DEVICE_FAMILY = "1,2";
			};
			name = Debug;
		};
		019EA7CE203AAB08007E8F47 /* Release */ = {
			isa = XCBuildConfiguration;
			baseConfigurationReference = 78100DED138AB93472DF9675 /* Pods-Benissimo.release.xcconfig */;
			buildSettings = {
				ASSETCATALOG_COMPILER_APPICON_NAME = AppIcon;
				CODE_SIGN_STYLE = Automatic;
				DEVELOPMENT_TEAM = SUAWT97CSE;
				INFOPLIST_FILE = Benissimo/Info.plist;
				LD_RUNPATH_SEARCH_PATHS = "$(inherited) @executable_path/Frameworks";
				PRODUCT_BUNDLE_IDENTIFIER = com.greasybowels.Benissimo;
				PRODUCT_NAME = "$(TARGET_NAME)";
				SWIFT_VERSION = 4.0;
				TARGETED_DEVICE_FAMILY = "1,2";
			};
			name = Release;
		};
/* End XCBuildConfiguration section */

/* Begin XCConfigurationList section */
		019EA7B5203AAB08007E8F47 /* Build configuration list for PBXProject "Benissimo" */ = {
			isa = XCConfigurationList;
			buildConfigurations = (
				019EA7CA203AAB08007E8F47 /* Debug */,
				019EA7CB203AAB08007E8F47 /* Release */,
			);
			defaultConfigurationIsVisible = 0;
			defaultConfigurationName = Release;
		};
		019EA7CC203AAB08007E8F47 /* Build configuration list for PBXNativeTarget "Benissimo" */ = {
			isa = XCConfigurationList;
			buildConfigurations = (
				019EA7CD203AAB08007E8F47 /* Debug */,
				019EA7CE203AAB08007E8F47 /* Release */,
			);
			defaultConfigurationIsVisible = 0;
			defaultConfigurationName = Release;
		};
/* End XCConfigurationList section */
	};
	rootObject = 019EA7B2203AAB08007E8F47 /* Project object */;
}
